
Microsoft Visual Studio Solution File, Format Version 12.00
# Visual Studio Express 15 for Windows Desktop
VisualStudioVersion = 15.0.27703.2035
MinimumVisualStudioVersion = 10.0.40219.1
Project("{FAE04EC0-301F-11D3-BF4B-00C04F79EFBC}") = "Problems", "Problems\Problems.csproj", "{1AC9B116-45AA-42DB-94D3-757CF8DA2650}"
EndProject
Project("{FAE04EC0-301F-11D3-BF4B-00C04F79EFBC}") = "Problems.Test", "Problems.Test\Problems.Test.csproj", "{A616FAC7-583A-497F-9239-0E8C7C625A16}"
EndProject
Project("{FAE04EC0-301F-11D3-BF4B-00C04F79EFBC}") = "Problems.Console", "Problems.Console\Problems.Console.csproj", "{2A782448-6D26-4BB2-A675-3435BA8B69F9}"
EndProject
Project("{FAE04EC0-301F-11D3-BF4B-00C04F79EFBC}") = "Problems.ConsoleForLoopExample", "Problems.ConsoleForLoopExample\Problems.ConsoleForLoopExample.csproj", "{9E2DF955-DB2D-4C1C-9AE5-EB58CD5B5736}"
EndProject
Global
	GlobalSection(SolutionConfigurationPlatforms) = preSolution
		Debug|Any CPU = Debug|Any CPU
		Release|Any CPU = Release|Any CPU
	EndGlobalSection
	GlobalSection(ProjectConfigurationPlatforms) = postSolution
		{1AC9B116-45AA-42DB-94D3-757CF8DA2650}.Debug|Any CPU.ActiveCfg = Debug|Any CPU
		{1AC9B116-45AA-42DB-94D3-757CF8DA2650}.Debug|Any CPU.Build.0 = Debug|Any CPU
		{1AC9B116-45AA-42DB-94D3-757CF8DA2650}.Release|Any CPU.ActiveCfg = Release|Any CPU
		{1AC9B116-45AA-42DB-94D3-757CF8DA2650}.Release|Any CPU.Build.0 = Release|Any CPU
		{A616FAC7-583A-497F-9239-0E8C7C625A16}.Debug|Any CPU.ActiveCfg = Debug|Any CPU
		{A616FAC7-583A-497F-9239-0E8C7C625A16}.Debug|Any CPU.Build.0 = Debug|Any CPU
		{A616FAC7-583A-497F-9239-0E8C7C625A16}.Release|Any CPU.ActiveCfg = Release|Any CPU
		{A616FAC7-583A-497F-9239-0E8C7C625A16}.Release|Any CPU.Build.0 = Release|Any CPU
		{2A782448-6D26-4BB2-A675-3435BA8B69F9}.Debug|Any CPU.ActiveCfg = Debug|Any CPU
		{2A782448-6D26-4BB2-A675-3435BA8B69F9}.Debug|Any CPU.Build.0 = Debug|Any CPU
		{2A782448-6D26-4BB2-A675-3435BA8B69F9}.Release|Any CPU.ActiveCfg = Release|Any CPU
		{2A782448-6D26-4BB2-A675-3435BA8B69F9}.Release|Any CPU.Build.0 = Release|Any CPU
		{9E2DF955-DB2D-4C1C-9AE5-EB58CD5B5736}.Debug|Any CPU.ActiveCfg = Debug|Any CPU
		{9E2DF955-DB2D-4C1C-9AE5-EB58CD5B5736}.Debug|Any CPU.Build.0 = Debug|Any CPU
		{9E2DF955-DB2D-4C1C-9AE5-EB58CD5B5736}.Release|Any CPU.ActiveCfg = Release|Any CPU
		{9E2DF955-DB2D-4C1C-9AE5-EB58CD5B5736}.Release|Any CPU.Build.0 = Release|Any CPU
	EndGlobalSection
	GlobalSection(SolutionProperties) = preSolution
		HideSolutionNode = FALSE
	EndGlobalSection
	GlobalSection(ExtensibilityGlobals) = postSolution
		SolutionGuid = {D6E7D404-B31F-4488-9C51-828A6E252E3A}
	EndGlobalSection
EndGlobal
